
Microsoft Visual Studio Solution File, Format Version 12.00
# Visual Studio 15
VisualStudioVersion = 15.0.28307.136
MinimumVisualStudioVersion = 10.0.40219.1
Project("{FAE04EC0-301F-11D3-BF4B-00C04F79EFBC}") = "Rubik's cube solver", "Rubiks cube solver\Rubik's cube solver.csproj", "{06DC09EA-9F56-446A-BA76-418E9B63C4E5}"
EndProject
Global
	GlobalSection(SolutionConfigurationPlatforms) = preSolution
		Debug|Any CPU = Debug|Any CPU
		Release|Any CPU = Release|Any CPU
	EndGlobalSection
	GlobalSection(ProjectConfigurationPlatforms) = postSolution
		{06DC09EA-9F56-446A-BA76-418E9B63C4E5}.Debug|Any CPU.ActiveCfg = Debug|Any CPU
		{06DC09EA-9F56-446A-BA76-418E9B63C4E5}.Debug|Any CPU.Build.0 = Debug|Any CPU
		{06DC09EA-9F56-446A-BA76-418E9B63C4E5}.Release|Any CPU.ActiveCfg = Release|Any CPU
		{06DC09EA-9F56-446A-BA76-418E9B63C4E5}.Release|Any CPU.Build.0 = Release|Any CPU
	EndGlobalSection
	GlobalSection(SolutionProperties) = preSolution
		HideSolutionNode = FALSE
	EndGlobalSection
	GlobalSection(ExtensibilityGlobals) = postSolution
		SolutionGuid = {21CEC053-44BF-4295-97CD-661F9D1E35F4}
	EndGlobalSection
EndGlobal
